{
  "name": "proquiz-to-moodle",
  "version": "1.0.0",
  "lockfileVersion": 3,
  "requires": true,
  "packages": {
    "": {
      "name": "proquiz-to-moodle",
      "version": "1.0.0",
      "license": "ISC",
      "dependencies": {
        "lodash": "^4.17.21",
        "php-serialize": "^5.0.1",
        "xmlbuilder": "^15.1.1"
      }
    },
    "node_modules/lodash": {
      "version": "4.17.21",
      "resolved": "https://registry.npmjs.org/lodash/-/lodash-4.17.21.tgz",
      "integrity": "sha512-v2kDEe57lecTulaDIuNTPy3Ry4gLGJ6Z1O3vE1krgXZNrsQ+LFTGHVxVjcXPs17LhbZVGedAJv8XZ1tvj5FvSg=="
    },
    "node_modules/php-serialize": {
      "version": "5.0.1",
      "resolved": "https://registry.npmjs.org/php-serialize/-/php-serialize-5.0.1.tgz",
      "integrity": "sha512-+uxULDruX7uwGZmC1HjcvQMg6APyK1wzWXnaRR0Vxb7Vk4YMn5/Chp9tm+ccNqmXOtfZ/oZVbR8GZnPnojltDw==",
      "engines": {
        "node": ">= 8"
      }
    },
    "node_modules/xmlbuilder": {
      "version": "15.1.1",
      "resolved": "https://registry.npmjs.org/xmlbuilder/-/xmlbuilder-15.1.1.tgz",
      "integrity": "sha512-yMqGBqtXyeN1e3TGYvgNgDVZ3j84W4cwkOXQswghol6APgZWaff9lnbvN7MHYJOiXsvGPXtjTYJEiC9J2wv9Eg==",
      "engines": {
        "node": ">=8.0"
      }
    }
  }
}
